
Microsoft Visual Studio Solution File, Format Version 12.00
# Visual Studio Version 17
VisualStudioVersion = 17.3.32922.545
MinimumVisualStudioVersion = 10.0.40219.1
Project("{8BC9CEB8-8B4A-11D0-8D11-00A0C91BC942}") = "ImGuiDemo", "ImGuiDemo\ImGuiDemo.vcxproj", "{9B2D76C7-52B5-40BB-A101-E4FCD59BA1A1}"
EndProject
Project("{8BC9CEB8-8B4A-11D0-8D11-00A0C91BC942}") = "ImGuiDemoGlad", "ImGuiDemoGlad\ImGuiDemoGlad.vcxproj", "{F1DCCDAF-2185-4D00-A72E-D3B32A99FE6A}"
EndProject
Project("{8BC9CEB8-8B4A-11D0-8D11-00A0C91BC942}") = "ImGuiDemoGlew", "ImGuiDemoGlew\ImGuiDemoGlew.vcxproj", "{53A463BD-096B-400F-9CF9-A9CD6A71C29C}"
EndProject
Global
	GlobalSection(SolutionConfigurationPlatforms) = preSolution
		Debug|x64 = Debug|x64
		Debug|x86 = Debug|x86
		Release|x64 = Release|x64
		Release|x86 = Release|x86
	EndGlobalSection
	GlobalSection(ProjectConfigurationPlatforms) = postSolution
		{9B2D76C7-52B5-40BB-A101-E4FCD59BA1A1}.Debug|x64.ActiveCfg = Debug|x64
		{9B2D76C7-52B5-40BB-A101-E4FCD59BA1A1}.Debug|x64.Build.0 = Debug|x64
		{9B2D76C7-52B5-40BB-A101-E4FCD59BA1A1}.Debug|x86.ActiveCfg = Debug|Win32
		{9B2D76C7-52B5-40BB-A101-E4FCD59BA1A1}.Debug|x86.Build.0 = Debug|Win32
		{9B2D76C7-52B5-40BB-A101-E4FCD59BA1A1}.Release|x64.ActiveCfg = Release|x64
		{9B2D76C7-52B5-40BB-A101-E4FCD59BA1A1}.Release|x64.Build.0 = Release|x64
		{9B2D76C7-52B5-40BB-A101-E4FCD59BA1A1}.Release|x86.ActiveCfg = Release|Win32
		{9B2D76C7-52B5-40BB-A101-E4FCD59BA1A1}.Release|x86.Build.0 = Release|Win32
		{F1DCCDAF-2185-4D00-A72E-D3B32A99FE6A}.Debug|x64.ActiveCfg = Debug|x64
		{F1DCCDAF-2185-4D00-A72E-D3B32A99FE6A}.Debug|x64.Build.0 = Debug|x64
		{F1DCCDAF-2185-4D00-A72E-D3B32A99FE6A}.Debug|x86.ActiveCfg = Debug|Win32
		{F1DCCDAF-2185-4D00-A72E-D3B32A99FE6A}.Debug|x86.Build.0 = Debug|Win32
		{F1DCCDAF-2185-4D00-A72E-D3B32A99FE6A}.Release|x64.ActiveCfg = Release|x64
		{F1DCCDAF-2185-4D00-A72E-D3B32A99FE6A}.Release|x64.Build.0 = Release|x64
		{F1DCCDAF-2185-4D00-A72E-D3B32A99FE6A}.Release|x86.ActiveCfg = Release|Win32
		{F1DCCDAF-2185-4D00-A72E-D3B32A99FE6A}.Release|x86.Build.0 = Release|Win32
		{53A463BD-096B-400F-9CF9-A9CD6A71C29C}.Debug|x64.ActiveCfg = Debug|x64
		{53A463BD-096B-400F-9CF9-A9CD6A71C29C}.Debug|x64.Build.0 = Debug|x64
		{53A463BD-096B-400F-9CF9-A9CD6A71C29C}.Debug|x86.ActiveCfg = Debug|Win32
		{53A463BD-096B-400F-9CF9-A9CD6A71C29C}.Debug|x86.Build.0 = Debug|Win32
		{53A463BD-096B-400F-9CF9-A9CD6A71C29C}.Release|x64.ActiveCfg = Release|x64
		{53A463BD-096B-400F-9CF9-A9CD6A71C29C}.Release|x64.Build.0 = Release|x64
		{53A463BD-096B-400F-9CF9-A9CD6A71C29C}.Release|x86.ActiveCfg = Release|Win32
		{53A463BD-096B-400F-9CF9-A9CD6A71C29C}.Release|x86.Build.0 = Release|Win32
	EndGlobalSection
	GlobalSection(SolutionProperties) = preSolution
		HideSolutionNode = FALSE
	EndGlobalSection
	GlobalSection(ExtensibilityGlobals) = postSolution
		SolutionGuid = {C581D35E-E9F8-4EC8-A67E-5FA6E8F82D04}
	EndGlobalSection
EndGlobal
